
Microsoft Visual Studio Solution File, Format Version 12.00
# Visual Studio 15
VisualStudioVersion = 15.0.28010.2041
MinimumVisualStudioVersion = 10.0.40219.1
Project("{FAE04EC0-301F-11D3-BF4B-00C04F79EFBC}") = "TicTacToe", "TicTacToe\TicTacToe.csproj", "{F99F5F41-CC75-44C1-891A-79D42D0A52C7}"
EndProject
Global
	GlobalSection(SolutionConfigurationPlatforms) = preSolution
		Debug|Any CPU = Debug|Any CPU
		Release|Any CPU = Release|Any CPU
	EndGlobalSection
	GlobalSection(ProjectConfigurationPlatforms) = postSolution
		{F99F5F41-CC75-44C1-891A-79D42D0A52C7}.Debug|Any CPU.ActiveCfg = Debug|Any CPU
		{F99F5F41-CC75-44C1-891A-79D42D0A52C7}.Debug|Any CPU.Build.0 = Debug|Any CPU
		{F99F5F41-CC75-44C1-891A-79D42D0A52C7}.Release|Any CPU.ActiveCfg = Release|Any CPU
		{F99F5F41-CC75-44C1-891A-79D42D0A52C7}.Release|Any CPU.Build.0 = Release|Any CPU
	EndGlobalSection
	GlobalSection(SolutionProperties) = preSolution
		HideSolutionNode = FALSE
	EndGlobalSection
	GlobalSection(ExtensibilityGlobals) = postSolution
		SolutionGuid = {AFA09D1E-029C-40DA-9A93-3261CF98E81F}
	EndGlobalSection
EndGlobal
